// !$*UTF8*$!
{
	archiveVersion = 1;
	classes = {
	};
	objectVersion = 46;
	objects = {

/* Begin PBXBuildFile section */
		AB25A0EC1C5E91CD009FECFD /* AppDelegate.swift in Sources */ = {isa = PBXBuildFile; fileRef = AB25A0EB1C5E91CD009FECFD /* AppDelegate.swift */; };
		AB25A0EE1C5E91CD009FECFD /* ViewController.swift in Sources */ = {isa = PBXBuildFile; fileRef = AB25A0ED1C5E91CD009FECFD /* ViewController.swift */; };
		AB25A0F11C5E91CD009FECFD /* Main.storyboard in Resources */ = {isa = PBXBuildFile; fileRef = AB25A0EF1C5E91CD009FECFD /* Main.storyboard */; };
		AB25A0F31C5E91CD009FECFD /* Assets.xcassets in Resources */ = {isa = PBXBuildFile; fileRef = AB25A0F21C5E91CD009FECFD /* Assets.xcassets */; };
		AB25A0F61C5E91CD009FECFD /* LaunchScreen.storyboard in Resources */ = {isa = PBXBuildFile; fileRef = AB25A0F41C5E91CD009FECFD /* LaunchScreen.storyboard */; };
/* End PBXBuildFile section */

/* Begin PBXFileReference section */
		AB25A0E81C5E91CD009FECFD /* hello_iOS_calculator.app */ = {isa = PBXFileReference; explicitFileType = wrapper.application; includeInIndex = 0; path = hello_iOS_calculator.app; sourceTree = BUILT_PRODUCTS_DIR; };
		AB25A0EB1C5E91CD009FECFD /* AppDelegate.swift */ = {isa = PBXFileReference; lastKnownFileType = sourcecode.swift; path = AppDelegate.swift; sourceTree = "<group>"; };
		AB25A0ED1C5E91CD009FECFD /* ViewController.swift */ = {isa = PBXFileReference; lastKnownFileType = sourcecode.swift; path = ViewController.swift; sourceTree = "<group>"; };
		AB25A0F01C5E91CD009FECFD /* Base */ = {isa = PBXFileReference; lastKnownFileType = file.storyboard; name = Base; path = Base.lproj/Main.storyboard; sourceTree = "<group>"; };
		AB25A0F21C5E91CD009FECFD /* Assets.xcassets */ = {isa = PBXFileReference; lastKnownFileType = folder.assetcatalog; path = Assets.xcassets; sourceTree = "<group>"; };
		AB25A0F51C5E91CD009FECFD /* Base */ = {isa = PBXFileReference; lastKnownFileType = file.storyboard; name = Base; path = Base.lproj/LaunchScreen.storyboard; sourceTree = "<group>"; };
		AB25A0F71C5E91CD009FECFD /* Info.plist */ = {isa = PBXFileReference; lastKnownFileType = text.plist.xml; path = Info.plist; sourceTree = "<group>"; };
/* End PBXFileReference section */

/* Begin PBXFrameworksBuildPhase section */
		AB25A0E51C5E91CD009FECFD /* Frameworks */ = {
			isa = PBXFrameworksBuildPhase;
			buildActionMask = 2147483647;
			files = (
			);
			runOnlyForDeploymentPostprocessing = 0;
		};
/* End PBXFrameworksBuildPhase section */

/* Begin PBXGroup section */
		AB25A0DF1C5E91CD009FECFD = {
			isa = PBXGroup;
			children = (
				AB25A0EA1C5E91CD009FECFD /* hello_iOS_calculator */,
				AB25A0E91C5E91CD009FECFD /* Products */,
			);
			sourceTree = "<group>";
		};
		AB25A0E91C5E91CD009FECFD /* Products */ = {
			isa = PBXGroup;
			children = (
				AB25A0E81C5E91CD009FECFD /* hello_iOS_calculator.app */,
			);
			name = Products;
			sourceTree = "<group>";
		};
		AB25A0EA1C5E91CD009FECFD /* hello_iOS_calculator */ = {
			isa = PBXGroup;
			children = (
				AB25A0EB1C5E91CD009FECFD /* AppDelegate.swift */,
				AB25A0ED1C5E91CD009FECFD /* ViewController.swift */,
				AB25A0EF1C5E91CD009FECFD /* Main.storyboard */,
				AB25A0F21C5E91CD009FECFD /* Assets.xcassets */,
				AB25A0F41C5E91CD009FECFD /* LaunchScreen.storyboard */,
				AB25A0F71C5E91CD009FECFD /* Info.plist */,
			);
			path = hello_iOS_calculator;
			sourceTree = "<group>";
		};
/* End PBXGroup section */

/* Begin PBXNativeTarget section */
		AB25A0E71C5E91CD009FECFD /* hello_iOS_calculator */ = {
			isa = PBXNativeTarget;
			buildConfigurationList = AB25A0FA1C5E91CD009FECFD /* Build configuration list for PBXNativeTarget "hello_iOS_calculator" */;
			buildPhases = (
				AB25A0E41C5E91CD009FECFD /* Sources */,
				AB25A0E51C5E91CD009FECFD /* Frameworks */,
				AB25A0E61C5E91CD009FECFD /* Resources */,
			);
			buildRules = (
			);
			dependencies = (
			);
			name = hello_iOS_calculator;
			productName = hello_iOS_calculator;
			productReference = AB25A0E81C5E91CD009FECFD /* hello_iOS_calculator.app */;
			productType = "com.apple.product-type.application";
		};
/* End PBXNativeTarget section */

/* Begin PBXProject section */
		AB25A0E01C5E91CD009FECFD /* Project object */ = {
			isa = PBXProject;
			attributes = {
				LastUpgradeCheck = 0700;
				ORGANIZATIONNAME = "Wonsik Jeong";
				TargetAttributes = {
					AB25A0E71C5E91CD009FECFD = {
						CreatedOnToolsVersion = 7.0.1;
					};
				};
			};
			buildConfigurationList = AB25A0E31C5E91CD009FECFD /* Build configuration list for PBXProject "hello_iOS_calculator" */;
			compatibilityVersion = "Xcode 3.2";
			developmentRegion = English;
			hasScannedForEncodings = 0;
			knownRegions = (
				en,
				Base,
			);
			mainGroup = AB25A0DF1C5E91CD009FECFD;
			productRefGroup = AB25A0E91C5E91CD009FECFD /* Products */;
			projectDirPath = "";
			projectRoot = "";
			targets = (
				AB25A0E71C5E91CD009FECFD /* hello_iOS_calculator */,
			);
		};
/* End PBXProject section */

/* Begin PBXResourcesBuildPhase section */
		AB25A0E61C5E91CD009FECFD /* Resources */ = {
			isa = PBXResourcesBuildPhase;
			buildActionMask = 2147483647;
			files = (
				AB25A0F61C5E91CD009FECFD /* LaunchScreen.storyboard in Resources */,
				AB25A0F31C5E91CD009FECFD /* Assets.xcassets in Resources */,
				AB25A0F11C5E91CD009FECFD /* Main.storyboard in Resources */,
			);
			runOnlyForDeploymentPostprocessing = 0;
		};
/* End PBXResourcesBuildPhase section */

/* Begin PBXSourcesBuildPhase section */
		AB25A0E41C5E91CD009FECFD /* Sources */ = {
			isa = PBXSourcesBuildPhase;
			buildActionMask = 2147483647;
			files = (
				AB25A0EE1C5E91CD009FECFD /* ViewController.swift in Sources */,
				AB25A0EC1C5E91CD009FECFD /* AppDelegate.swift in Sources */,
			);
			runOnlyForDeploymentPostprocessing = 0;
		};
/* End PBXSourcesBuildPhase section */

/* Begin PBXVariantGroup section */
		AB25A0EF1C5E91CD009FECFD /* Main.storyboard */ = {
			isa = PBXVariantGroup;
			children = (
				AB25A0F01C5E91CD009FECFD /* Base */,
			);
			name = Main.storyboard;
			sourceTree = "<group>";
		};
		AB25A0F41C5E91CD009FECFD /* LaunchScreen.storyboard */ = {
			isa = PBXVariantGroup;
			children = (
				AB25A0F51C5E91CD009FECFD /* Base */,
			);
			name = LaunchScreen.storyboard;
			sourceTree = "<group>";
		};
/* End PBXVariantGroup section */

/* Begin XCBuildConfiguration section */
		AB25A0F81C5E91CD009FECFD /* Debug */ = {
			isa = XCBuildConfiguration;
			buildSettings = {
				ALWAYS_SEARCH_USER_PATHS = NO;
				CLANG_CXX_LANGUAGE_STANDARD = "gnu++0x";
				CLANG_CXX_LIBRARY = "libc++";
				CLANG_ENABLE_MODULES = YES;
				CLANG_ENABLE_OBJC_ARC = YES;
				CLANG_WARN_BOOL_CONVERSION = YES;
				CLANG_WARN_CONSTANT_CONVERSION = YES;
				CLANG_WARN_DIRECT_OBJC_ISA_USAGE = YES_ERROR;
				CLANG_WARN_EMPTY_BODY = YES;
				CLANG_WARN_ENUM_CONVERSION = YES;
				CLANG_WARN_INT_CONVERSION = YES;
				CLANG_WARN_OBJC_ROOT_CLASS = YES_ERROR;
				CLANG_WARN_UNREACHABLE_CODE = YES;
				CLANG_WARN__DUPLICATE_METHOD_MATCH = YES;
				"CODE_SIGN_IDENTITY[sdk=iphoneos*]" = "iPhone Developer";
				COPY_PHASE_STRIP = NO;
				DEBUG_INFORMATION_FORMAT = dwarf;
				ENABLE_STRICT_OBJC_MSGSEND = YES;
				ENABLE_TESTABILITY = YES;
				GCC_C_LANGUAGE_STANDARD = gnu99;
				GCC_DYNAMIC_NO_PIC = NO;
				GCC_NO_COMMON_BLOCKS = YES;
				GCC_OPTIMIZATION_LEVEL = 0;
				GCC_PREPROCESSOR_DEFINITIONS = (
					"DEBUG=1",
					"$(inherited)",
				);
				GCC_WARN_64_TO_32_BIT_CONVERSION = YES;
				GCC_WARN_ABOUT_RETURN_TYPE = YES_ERROR;
				GCC_WARN_UNDECLARED_SELECTOR = YES;
				GCC_WARN_UNINITIALIZED_AUTOS = YES_AGGRESSIVE;
				GCC_WARN_UNUSED_FUNCTION = YES;
				GCC_WARN_UNUSED_VARIABLE = YES;
				IPHONEOS_DEPLOYMENT_TARGET = 9.0;
				MTL_ENABLE_DEBUG_INFO = YES;
				ONLY_ACTIVE_ARCH = YES;
				SDKROOT = iphoneos;
				SWIFT_OPTIMIZATION_LEVEL = "-Onone";
			};
			name = Debug;
		};
		AB25A0F91C5E91CD009FECFD /* Release */ = {
			isa = XCBuildConfiguration;
			buildSettings = {
				ALWAYS_SEARCH_USER_PATHS = NO;
				CLANG_CXX_LANGUAGE_STANDARD = "gnu++0x";
				CLANG_CXX_LIBRARY = "libc++";
				CLANG_ENABLE_MODULES = YES;
				CLANG_ENABLE_OBJC_ARC = YES;
				CLANG_WARN_BOOL_CONVERSION = YES;
				CLANG_WARN_CONSTANT_CONVERSION = YES;
				CLANG_WARN_DIRECT_OBJC_ISA_USAGE = YES_ERROR;
				CLANG_WARN_EMPTY_BODY = YES;
				CLANG_WARN_ENUM_CONVERSION = YES;
				CLANG_WARN_INT_CONVERSION = YES;
				CLANG_WARN_OBJC_ROOT_CLASS = YES_ERROR;
				CLANG_WARN_UNREACHABLE_CODE = YES;
				CLANG_WARN__DUPLICATE_METHOD_MATCH = YES;
				"CODE_SIGN_IDENTITY[sdk=iphoneos*]" = "iPhone Developer";
				COPY_PHASE_STRIP = NO;
				DEBUG_INFORMATION_FORMAT = "dwarf-with-dsym";
				ENABLE_NS_ASSERTIONS = NO;
				ENABLE_STRICT_OBJC_MSGSEND = YES;
				GCC_C_LANGUAGE_STANDARD = gnu99;
				GCC_NO_COMMON_BLOCKS = YES;
				GCC_WARN_64_TO_32_BIT_CONVERSION = YES;
				GCC_WARN_ABOUT_RETURN_TYPE = YES_ERROR;
				GCC_WARN_UNDECLARED_SELECTOR = YES;
				GCC_WARN_UNINITIALIZED_AUTOS = YES_AGGRESSIVE;
				GCC_WARN_UNUSED_FUNCTION = YES;
				GCC_WARN_UNUSED_VARIABLE = YES;
				IPHONEOS_DEPLOYMENT_TARGET = 9.0;
				MTL_ENABLE_DEBUG_INFO = NO;
				SDKROOT = iphoneos;
				VALIDATE_PRODUCT = YES;
			};
			name = Release;
		};
		AB25A0FB1C5E91CD009FECFD /* Debug */ = {
			isa = XCBuildConfiguration;
			buildSettings = {
				ASSETCATALOG_COMPILER_APPICON_NAME = AppIcon;
				INFOPLIST_FILE = hello_iOS_calculator/Info.plist;
				LD_RUNPATH_SEARCH_PATHS = "$(inherited) @executable_path/Frameworks";
				PRODUCT_BUNDLE_IDENTIFIER = "pet-project.hello-iOS-calculator";
				PRODUCT_NAME = "$(TARGET_NAME)";
			};
			name = Debug;
		};
		AB25A0FC1C5E91CD009FECFD /* Release */ = {
			isa = XCBuildConfiguration;
			buildSettings = {
				ASSETCATALOG_COMPILER_APPICON_NAME = AppIcon;
				INFOPLIST_FILE = hello_iOS_calculator/Info.plist;
				LD_RUNPATH_SEARCH_PATHS = "$(inherited) @executable_path/Frameworks";
				PRODUCT_BUNDLE_IDENTIFIER = "pet-project.hello-iOS-calculator";
				PRODUCT_NAME = "$(TARGET_NAME)";
			};
			name = Release;
		};
/* End XCBuildConfiguration section */

/* Begin XCConfigurationList section */
		AB25A0E31C5E91CD009FECFD /* Build configuration list for PBXProject "hello_iOS_calculator" */ = {
			isa = XCConfigurationList;
			buildConfigurations = (
				AB25A0F81C5E91CD009FECFD /* Debug */,
				AB25A0F91C5E91CD009FECFD /* Release */,
			);
			defaultConfigurationIsVisible = 0;
			defaultConfigurationName = Release;
		};
		AB25A0FA1C5E91CD009FECFD /* Build configuration list for PBXNativeTarget "hello_iOS_calculator" */ = {
			isa = XCConfigurationList;
			buildConfigurations = (
				AB25A0FB1C5E91CD009FECFD /* Debug */,
				AB25A0FC1C5E91CD009FECFD /* Release */,
			);
			defaultConfigurationIsVisible = 0;
		};
/* End XCConfigurationList section */
	};
	rootObject = AB25A0E01C5E91CD009FECFD /* Project object */;
}
